
Microsoft Visual Studio Solution File, Format Version 12.00
# Visual Studio Version 18
VisualStudioVersion = 18.6.11716.218 insiders
MinimumVisualStudioVersion = 10.0.40219.1
Project("{FAE04EC0-301F-11D3-BF4B-00C04F79EFBC}") = "ISPRefactoredInterfaces", "ISPRefactoredInterfaces.csproj", "{D1E2F3A4-B5C6-47D8-E9F0-A1B2C3D4E5F6}"
EndProject
Global
	GlobalSection(SolutionConfigurationPlatforms) = preSolution
		Debug|Any CPU = Debug|Any CPU
		Release|Any CPU = Release|Any CPU
	EndGlobalSection
	GlobalSection(ProjectConfigurationPlatforms) = postSolution
		{D1E2F3A4-B5C6-47D8-E9F0-A1B2C3D4E5F6}.Debug|Any CPU.ActiveCfg = Debug|Any CPU
		{D1E2F3A4-B5C6-47D8-E9F0-A1B2C3D4E5F6}.Debug|Any CPU.Build.0 = Debug|Any CPU
		{D1E2F3A4-B5C6-47D8-E9F0-A1B2C3D4E5F6}.Release|Any CPU.ActiveCfg = Release|Any CPU
		{D1E2F3A4-B5C6-47D8-E9F0-A1B2C3D4E5F6}.Release|Any CPU.Build.0 = Release|Any CPU
	EndGlobalSection
	GlobalSection(SolutionProperties) = preSolution
		HideSolutionNode = FALSE
	EndGlobalSection
	GlobalSection(ExtensibilityGlobals) = postSolution
		SolutionGuid = {8D7F68C4-A9E5-4276-8E6D-02B812BE6811}
	EndGlobalSection
EndGlobal
